
Microsoft Visual Studio Solution File, Format Version 12.00
# Visual Studio 15
VisualStudioVersion = 15.0.28307.168
MinimumVisualStudioVersion = 10.0.40219.1
Project("{8BC9CEB8-8B4A-11D0-8D11-00A0C91BC942}") = "CGProject2018", "CGProject2018\CGProject2018.vcxproj", "{109173BB-F4BF-4CFF-85E6-D8F97184B54E}"
EndProject
Global
	GlobalSection(SolutionConfigurationPlatforms) = preSolution
		Debug|x64 = Debug|x64
		Debug|x86 = Debug|x86
		Release|x64 = Release|x64
		Release|x86 = Release|x86
	EndGlobalSection
	GlobalSection(ProjectConfigurationPlatforms) = postSolution
		{109173BB-F4BF-4CFF-85E6-D8F97184B54E}.Debug|x64.ActiveCfg = Debug|x64
		{109173BB-F4BF-4CFF-85E6-D8F97184B54E}.Debug|x64.Build.0 = Debug|x64
		{109173BB-F4BF-4CFF-85E6-D8F97184B54E}.Debug|x86.ActiveCfg = Debug|Win32
		{109173BB-F4BF-4CFF-85E6-D8F97184B54E}.Debug|x86.Build.0 = Debug|Win32
		{109173BB-F4BF-4CFF-85E6-D8F97184B54E}.Release|x64.ActiveCfg = Release|x64
		{109173BB-F4BF-4CFF-85E6-D8F97184B54E}.Release|x64.Build.0 = Release|x64
		{109173BB-F4BF-4CFF-85E6-D8F97184B54E}.Release|x86.ActiveCfg = Release|Win32
		{109173BB-F4BF-4CFF-85E6-D8F97184B54E}.Release|x86.Build.0 = Release|Win32
	EndGlobalSection
	GlobalSection(SolutionProperties) = preSolution
		HideSolutionNode = FALSE
	EndGlobalSection
	GlobalSection(ExtensibilityGlobals) = postSolution
		SolutionGuid = {774ECF53-9F5D-42F7-9581-2CE0CF87D88B}
	EndGlobalSection
EndGlobal
